
Microsoft Visual Studio Solution File, Format Version 12.00
# Visual Studio Version 17
VisualStudioVersion = 17.0.31903.59
MinimumVisualStudioVersion = 10.0.40219.1
Project("{FAE04EC0-301F-11D3-BF4B-00C04F79EFBC}") = "VoloAbpEmptyProject.Domain", "VoloAbpEmptyProject.Domain\VoloAbpEmptyProject.Domain.csproj", "{9312103D-F74F-4E36-90B4-C6372E7D0CE6}"
EndProject
Project("{FAE04EC0-301F-11D3-BF4B-00C04F79EFBC}") = "VoloAbpEmptyProject.Application", "VoloAbpEmptyProject.Application\VoloAbpEmptyProject.Application.csproj", "{520E915C-7A2E-476F-BC8D-87BE42E8AFA6}"
	ProjectSection(ProjectDependencies) = postProject
		{9312103D-F74F-4E36-90B4-C6372E7D0CE6} = {9312103D-F74F-4E36-90B4-C6372E7D0CE6}
	EndProjectSection
EndProject
Project("{FAE04EC0-301F-11D3-BF4B-00C04F79EFBC}") = "VoloAbpEmptyProject.Infrastructure", "VoloAbpEmptyProject.Infrastructure\VoloAbpEmptyProject.Infrastructure.csproj", "{238A3282-89CB-459C-B920-22ED6222FAE3}"
	ProjectSection(ProjectDependencies) = postProject
		{520E915C-7A2E-476F-BC8D-87BE42E8AFA6} = {520E915C-7A2E-476F-BC8D-87BE42E8AFA6}
		{9312103D-F74F-4E36-90B4-C6372E7D0CE6} = {9312103D-F74F-4E36-90B4-C6372E7D0CE6}
	EndProjectSection
EndProject
Project("{FAE04EC0-301F-11D3-BF4B-00C04F79EFBC}") = "VoloAbpEmptyProject.Web", "VoloAbpEmptyProject.Web\VoloAbpEmptyProject.Web.csproj", "{892308D1-1EFE-4B00-A522-1D53B912A618}"
	ProjectSection(ProjectDependencies) = postProject
		{238A3282-89CB-459C-B920-22ED6222FAE3} = {238A3282-89CB-459C-B920-22ED6222FAE3}
		{520E915C-7A2E-476F-BC8D-87BE42E8AFA6} = {520E915C-7A2E-476F-BC8D-87BE42E8AFA6}
		{9312103D-F74F-4E36-90B4-C6372E7D0CE6} = {9312103D-F74F-4E36-90B4-C6372E7D0CE6}
	EndProjectSection
EndProject
Global
	GlobalSection(SolutionConfigurationPlatforms) = preSolution
		Debug|Any CPU = Debug|Any CPU
		Debug|x64 = Debug|x64
		Debug|x86 = Debug|x86
		Release|Any CPU = Release|Any CPU
		Release|x64 = Release|x64
		Release|x86 = Release|x86
	EndGlobalSection
	GlobalSection(ProjectConfigurationPlatforms) = postSolution
		{9312103D-F74F-4E36-90B4-C6372E7D0CE6}.Debug|Any CPU.ActiveCfg = Debug|Any CPU
		{9312103D-F74F-4E36-90B4-C6372E7D0CE6}.Debug|Any CPU.Build.0 = Debug|Any CPU
		{9312103D-F74F-4E36-90B4-C6372E7D0CE6}.Debug|x64.ActiveCfg = Debug|Any CPU
		{9312103D-F74F-4E36-90B4-C6372E7D0CE6}.Debug|x64.Build.0 = Debug|Any CPU
		{9312103D-F74F-4E36-90B4-C6372E7D0CE6}.Debug|x86.ActiveCfg = Debug|Any CPU
		{9312103D-F74F-4E36-90B4-C6372E7D0CE6}.Debug|x86.Build.0 = Debug|Any CPU
		{9312103D-F74F-4E36-90B4-C6372E7D0CE6}.Release|Any CPU.ActiveCfg = Release|Any CPU
		{9312103D-F74F-4E36-90B4-C6372E7D0CE6}.Release|Any CPU.Build.0 = Release|Any CPU
		{9312103D-F74F-4E36-90B4-C6372E7D0CE6}.Release|x64.ActiveCfg = Release|Any CPU
		{9312103D-F74F-4E36-90B4-C6372E7D0CE6}.Release|x64.Build.0 = Release|Any CPU
		{9312103D-F74F-4E36-90B4-C6372E7D0CE6}.Release|x86.ActiveCfg = Release|Any CPU
		{9312103D-F74F-4E36-90B4-C6372E7D0CE6}.Release|x86.Build.0 = Release|Any CPU
		{520E915C-7A2E-476F-BC8D-87BE42E8AFA6}.Debug|Any CPU.ActiveCfg = Debug|Any CPU
		{520E915C-7A2E-476F-BC8D-87BE42E8AFA6}.Debug|Any CPU.Build.0 = Debug|Any CPU
		{520E915C-7A2E-476F-BC8D-87BE42E8AFA6}.Debug|x64.ActiveCfg = Debug|Any CPU
		{520E915C-7A2E-476F-BC8D-87BE42E8AFA6}.Debug|x64.Build.0 = Debug|Any CPU
		{520E915C-7A2E-476F-BC8D-87BE42E8AFA6}.Debug|x86.ActiveCfg = Debug|Any CPU
		{520E915C-7A2E-476F-BC8D-87BE42E8AFA6}.Debug|x86.Build.0 = Debug|Any CPU
		{520E915C-7A2E-476F-BC8D-87BE42E8AFA6}.Release|Any CPU.ActiveCfg = Release|Any CPU
		{520E915C-7A2E-476F-BC8D-87BE42E8AFA6}.Release|Any CPU.Build.0 = Release|Any CPU
		{520E915C-7A2E-476F-BC8D-87BE42E8AFA6}.Release|x64.ActiveCfg = Release|Any CPU
		{520E915C-7A2E-476F-BC8D-87BE42E8AFA6}.Release|x64.Build.0 = Release|Any CPU
		{520E915C-7A2E-476F-BC8D-87BE42E8AFA6}.Release|x86.ActiveCfg = Release|Any CPU
		{520E915C-7A2E-476F-BC8D-87BE42E8AFA6}.Release|x86.Build.0 = Release|Any CPU
		{238A3282-89CB-459C-B920-22ED6222FAE3}.Debug|Any CPU.ActiveCfg = Debug|Any CPU
		{238A3282-89CB-459C-B920-22ED6222FAE3}.Debug|Any CPU.Build.0 = Debug|Any CPU
		{238A3282-89CB-459C-B920-22ED6222FAE3}.Debug|x64.ActiveCfg = Debug|Any CPU
		{238A3282-89CB-459C-B920-22ED6222FAE3}.Debug|x64.Build.0 = Debug|Any CPU
		{238A3282-89CB-459C-B920-22ED6222FAE3}.Debug|x86.ActiveCfg = Debug|Any CPU
		{238A3282-89CB-459C-B920-22ED6222FAE3}.Debug|x86.Build.0 = Debug|Any CPU
		{238A3282-89CB-459C-B920-22ED6222FAE3}.Release|Any CPU.ActiveCfg = Release|Any CPU
		{238A3282-89CB-459C-B920-22ED6222FAE3}.Release|Any CPU.Build.0 = Release|Any CPU
		{238A3282-89CB-459C-B920-22ED6222FAE3}.Release|x64.ActiveCfg = Release|Any CPU
		{238A3282-89CB-459C-B920-22ED6222FAE3}.Release|x64.Build.0 = Release|Any CPU
		{238A3282-89CB-459C-B920-22ED6222FAE3}.Release|x86.ActiveCfg = Release|Any CPU
		{238A3282-89CB-459C-B920-22ED6222FAE3}.Release|x86.Build.0 = Release|Any CPU
		{892308D1-1EFE-4B00-A522-1D53B912A618}.Debug|Any CPU.ActiveCfg = Debug|Any CPU
		{892308D1-1EFE-4B00-A522-1D53B912A618}.Debug|Any CPU.Build.0 = Debug|Any CPU
		{892308D1-1EFE-4B00-A522-1D53B912A618}.Debug|x64.ActiveCfg = Debug|Any CPU
		{892308D1-1EFE-4B00-A522-1D53B912A618}.Debug|x64.Build.0 = Debug|Any CPU
		{892308D1-1EFE-4B00-A522-1D53B912A618}.Debug|x86.ActiveCfg = Debug|Any CPU
		{892308D1-1EFE-4B00-A522-1D53B912A618}.Debug|x86.Build.0 = Debug|Any CPU
		{892308D1-1EFE-4B00-A522-1D53B912A618}.Release|Any CPU.ActiveCfg = Release|Any CPU
		{892308D1-1EFE-4B00-A522-1D53B912A618}.Release|Any CPU.Build.0 = Release|Any CPU
		{892308D1-1EFE-4B00-A522-1D53B912A618}.Release|x64.ActiveCfg = Release|Any CPU
		{892308D1-1EFE-4B00-A522-1D53B912A618}.Release|x64.Build.0 = Release|Any CPU
		{892308D1-1EFE-4B00-A522-1D53B912A618}.Release|x86.ActiveCfg = Release|Any CPU
		{892308D1-1EFE-4B00-A522-1D53B912A618}.Release|x86.Build.0 = Release|Any CPU
	EndGlobalSection
	GlobalSection(SolutionProperties) = preSolution
		HideSolutionNode = FALSE
	EndGlobalSection
EndGlobal
